
Microsoft Visual Studio Solution File, Format Version 12.00
Project("{FAE04EC0-301F-11D3-BF4B-00C04F79EFBC}") = "Listem", "Listem\Listem.csproj", "{C4F6B29B-D0EE-49B3-BD18-66A700D117A6}"
EndProject
Project("{FAE04EC0-301F-11D3-BF4B-00C04F79EFBC}") = "UITests", "UITests\UITests.csproj", "{A68F80BB-8144-46FD-889B-6C376D928570}"
EndProject
Global
	GlobalSection(SolutionConfigurationPlatforms) = preSolution
		Debug|Any CPU = Debug|Any CPU
		Release|Any CPU = Release|Any CPU
	EndGlobalSection
	GlobalSection(ProjectConfigurationPlatforms) = postSolution
		{C4F6B29B-D0EE-49B3-BD18-66A700D117A6}.Debug|Any CPU.ActiveCfg = Debug|Any CPU
		{C4F6B29B-D0EE-49B3-BD18-66A700D117A6}.Debug|Any CPU.Build.0 = Debug|Any CPU
		{C4F6B29B-D0EE-49B3-BD18-66A700D117A6}.Release|Any CPU.ActiveCfg = Release|Any CPU
		{C4F6B29B-D0EE-49B3-BD18-66A700D117A6}.Release|Any CPU.Build.0 = Release|Any CPU
		{A68F80BB-8144-46FD-889B-6C376D928570}.Debug|Any CPU.ActiveCfg = Debug|Any CPU
		{A68F80BB-8144-46FD-889B-6C376D928570}.Debug|Any CPU.Build.0 = Debug|Any CPU
		{A68F80BB-8144-46FD-889B-6C376D928570}.Release|Any CPU.ActiveCfg = Release|Any CPU
		{A68F80BB-8144-46FD-889B-6C376D928570}.Release|Any CPU.Build.0 = Release|Any CPU
	EndGlobalSection
EndGlobal
